
Microsoft Visual Studio Solution File, Format Version 12.00
# Visual Studio 15
Project("{FAE04EC0-301F-11D3-BF4B-00C04F79EFBC}") = "UnityEngine.UI", "UnityEngine.UI.csproj", "{E97160F8-999E-ADAD-5928-18A2A0B06A20}"
EndProject
Project("{FAE04EC0-301F-11D3-BF4B-00C04F79EFBC}") = "UnityEngine.TestRunner", "UnityEngine.TestRunner.csproj", "{8FE60F8C-C49B-FD85-3560-BDBF7152D70B}"
EndProject
Project("{FAE04EC0-301F-11D3-BF4B-00C04F79EFBC}") = "Unity.VisualScripting.Flow", "Unity.VisualScripting.Flow.csproj", "{94A8D67E-51A3-0C37-0E33-37BBD5682FE4}"
EndProject
Project("{FAE04EC0-301F-11D3-BF4B-00C04F79EFBC}") = "Unity.Services.Core.Telemetry", "Unity.Services.Core.Telemetry.csproj", "{9500F2CA-6DF5-D0EF-6A16-A816026068A5}"
EndProject
Project("{FAE04EC0-301F-11D3-BF4B-00C04F79EFBC}") = "Unity.VisualScripting.State", "Unity.VisualScripting.State.csproj", "{E455F5E2-31EC-08EA-AB2F-E39899DDED23}"
EndProject
Project("{FAE04EC0-301F-11D3-BF4B-00C04F79EFBC}") = "Unity.VisualScripting.Core", "Unity.VisualScripting.Core.csproj", "{A2A060FF-BFA8-0EAD-9496-3F921E8C444F}"
EndProject
Project("{FAE04EC0-301F-11D3-BF4B-00C04F79EFBC}") = "Unity.Postprocessing.Runtime", "Unity.Postprocessing.Runtime.csproj", "{39B1B5A4-1C4D-9EFD-9A4F-AF0A5C4BED1A}"
EndProject
Project("{FAE04EC0-301F-11D3-BF4B-00C04F79EFBC}") = "Unity.Services.Core.Environments.Internal", "Unity.Services.Core.Environments.Internal.csproj", "{CB29587B-AE73-F308-07E2-CEF5C038CC0F}"
EndProject
Project("{FAE04EC0-301F-11D3-BF4B-00C04F79EFBC}") = "Unity.TextMeshPro", "Unity.TextMeshPro.csproj", "{BDDE67A0-00FD-6C50-B7EB-0F22632769A1}"
EndProject
Project("{FAE04EC0-301F-11D3-BF4B-00C04F79EFBC}") = "Unity.ProBuilder.Poly2Tri", "Unity.ProBuilder.Poly2Tri.csproj", "{A6431EF5-4D32-3A8F-90E5-13FAEBA35A76}"
EndProject
Project("{FAE04EC0-301F-11D3-BF4B-00C04F79EFBC}") = "Assembly-CSharp", "Assembly-CSharp.csproj", "{6B0A4598-7F9B-D2EF-A7AB-DB8874F6FAFA}"
EndProject
Project("{FAE04EC0-301F-11D3-BF4B-00C04F79EFBC}") = "Unity.Timeline", "Unity.Timeline.csproj", "{AD3C446B-8EA7-D1D1-D4AF-CE1232B4C67B}"
EndProject
Project("{FAE04EC0-301F-11D3-BF4B-00C04F79EFBC}") = "Unity.Services.Core", "Unity.Services.Core.csproj", "{2BDE0D7C-1D5C-C0BB-992B-B16A7B9A6D44}"
EndProject
Project("{FAE04EC0-301F-11D3-BF4B-00C04F79EFBC}") = "Unity.ProBuilder", "Unity.ProBuilder.csproj", "{3FD723AD-A9C0-D44D-D768-56E3ABCF660D}"
EndProject
Project("{FAE04EC0-301F-11D3-BF4B-00C04F79EFBC}") = "Unity.Services.Core.Environments", "Unity.Services.Core.Environments.csproj", "{F438203D-677F-C178-A513-4C315BD5836E}"
EndProject
Project("{FAE04EC0-301F-11D3-BF4B-00C04F79EFBC}") = "Unity.Services.Core.Internal", "Unity.Services.Core.Internal.csproj", "{488A3DEF-44E8-78EB-9E38-FE872E7B8512}"
EndProject
Project("{FAE04EC0-301F-11D3-BF4B-00C04F79EFBC}") = "Unity.Services.Core.Analytics", "Unity.Services.Core.Analytics.csproj", "{D2F41CF5-7D15-C19A-EF29-D27EB4595F2B}"
EndProject
Project("{FAE04EC0-301F-11D3-BF4B-00C04F79EFBC}") = "Unity.ProBuilder.Csg", "Unity.ProBuilder.Csg.csproj", "{DF6538EC-DD4F-12C8-283B-C996194D10BF}"
EndProject
Project("{FAE04EC0-301F-11D3-BF4B-00C04F79EFBC}") = "Unity.Services.Core.Scheduler", "Unity.Services.Core.Scheduler.csproj", "{FF23B018-0B65-E2F8-55D1-56A21F7DC753}"
EndProject
Project("{FAE04EC0-301F-11D3-BF4B-00C04F79EFBC}") = "Unity.Services.Core.Registration", "Unity.Services.Core.Registration.csproj", "{00EFCFB4-3BC1-80EB-5836-49091491DFD4}"
EndProject
Project("{FAE04EC0-301F-11D3-BF4B-00C04F79EFBC}") = "Unity.Services.Core.Device", "Unity.Services.Core.Device.csproj", "{9E636B7D-DDF5-ECC8-C2AE-9BE81CDB34FD}"
EndProject
Project("{FAE04EC0-301F-11D3-BF4B-00C04F79EFBC}") = "Unity.Services.Core.Threading", "Unity.Services.Core.Threading.csproj", "{73EC1FCC-0223-9FC4-EE54-4BF84BE81818}"
EndProject
Project("{FAE04EC0-301F-11D3-BF4B-00C04F79EFBC}") = "Unity.Services.Core.Networking", "Unity.Services.Core.Networking.csproj", "{E2585ABD-B8DB-D14D-ACE5-EDCFE8CDC57F}"
EndProject
Project("{FAE04EC0-301F-11D3-BF4B-00C04F79EFBC}") = "Unity.ProBuilder.KdTree", "Unity.ProBuilder.KdTree.csproj", "{D2216584-DB58-5ED4-4F11-F90AC6723842}"
EndProject
Project("{FAE04EC0-301F-11D3-BF4B-00C04F79EFBC}") = "Unity.Services.Core.Configuration", "Unity.Services.Core.Configuration.csproj", "{91AC356D-88B9-1263-42EA-9ABD8CE7E55F}"
EndProject
Project("{FAE04EC0-301F-11D3-BF4B-00C04F79EFBC}") = "Unity.ProBuilder.Stl", "Unity.ProBuilder.Stl.csproj", "{88936D23-4084-524E-91F0-EC1E21FB0A2A}"
EndProject
Project("{FAE04EC0-301F-11D3-BF4B-00C04F79EFBC}") = "Unity.PlasticSCM.Editor", "Unity.PlasticSCM.Editor.csproj", "{3211828A-99FA-62C8-4C01-3AD7B34D8EBB}"
EndProject
Project("{FAE04EC0-301F-11D3-BF4B-00C04F79EFBC}") = "Unity.VisualScripting.Core.Editor", "Unity.VisualScripting.Core.Editor.csproj", "{1E0B2517-0251-72BE-7E75-191653E91F03}"
EndProject
Project("{FAE04EC0-301F-11D3-BF4B-00C04F79EFBC}") = "Unity.VisualScripting.Flow.Editor", "Unity.VisualScripting.Flow.Editor.csproj", "{F7B36881-89E6-BAD2-62AB-D710EA5EDD77}"
EndProject
Project("{FAE04EC0-301F-11D3-BF4B-00C04F79EFBC}") = "Unity.VisualStudio.Editor", "Unity.VisualStudio.Editor.csproj", "{08FACCE9-E2B2-C42E-8777-8B9811945513}"
EndProject
Project("{FAE04EC0-301F-11D3-BF4B-00C04F79EFBC}") = "Unity.ProBuilder.Editor", "Unity.ProBuilder.Editor.csproj", "{81733CBE-F005-9B74-9528-A8FB9FA3EF7D}"
EndProject
Project("{FAE04EC0-301F-11D3-BF4B-00C04F79EFBC}") = "Unity.Timeline.Editor", "Unity.Timeline.Editor.csproj", "{747CE51B-BEBF-6145-E7F7-5BF60058733C}"
EndProject
Project("{FAE04EC0-301F-11D3-BF4B-00C04F79EFBC}") = "Unity.VisualScripting.State.Editor", "Unity.VisualScripting.State.Editor.csproj", "{38447623-1A85-6D70-D445-0E49DAE6A708}"
EndProject
Project("{FAE04EC0-301F-11D3-BF4B-00C04F79EFBC}") = "Unity.TextMeshPro.Editor", "Unity.TextMeshPro.Editor.csproj", "{6AC04147-B2AF-2D1A-CB21-E28F575DB1A0}"
EndProject
Project("{FAE04EC0-301F-11D3-BF4B-00C04F79EFBC}") = "Unity.VisualScripting.SettingsProvider.Editor", "Unity.VisualScripting.SettingsProvider.Editor.csproj", "{740524E3-AEE4-B175-A3F0-FD33F91891DC}"
EndProject
Project("{FAE04EC0-301F-11D3-BF4B-00C04F79EFBC}") = "Unity.CollabProxy.Editor", "Unity.CollabProxy.Editor.csproj", "{65517EB1-12FC-23D2-628D-1150553667CE}"
EndProject
Project("{FAE04EC0-301F-11D3-BF4B-00C04F79EFBC}") = "UnityEditor.TestRunner", "UnityEditor.TestRunner.csproj", "{6FB1A0C7-F7AE-7B6A-CDDF-0109CD398CF6}"
EndProject
Project("{FAE04EC0-301F-11D3-BF4B-00C04F79EFBC}") = "Unity.Postprocessing.Editor", "Unity.Postprocessing.Editor.csproj", "{9BB9A46C-B69D-1819-3F5C-242F8F7F91BC}"
EndProject
Project("{FAE04EC0-301F-11D3-BF4B-00C04F79EFBC}") = "Unity.Services.Core.Editor", "Unity.Services.Core.Editor.csproj", "{241273B8-E1DF-EE20-3074-9D5EFDFD13B6}"
EndProject
Project("{FAE04EC0-301F-11D3-BF4B-00C04F79EFBC}") = "Unity.TestTools.CodeCoverage.Editor", "Unity.TestTools.CodeCoverage.Editor.csproj", "{490819F5-D0AE-DA75-0F89-6B471519FCD3}"
EndProject
Project("{FAE04EC0-301F-11D3-BF4B-00C04F79EFBC}") = "Unity.Rider.Editor", "Unity.Rider.Editor.csproj", "{7A63D06D-47ED-FC1E-BA47-6021468BABD4}"
EndProject
Project("{FAE04EC0-301F-11D3-BF4B-00C04F79EFBC}") = "Unity.Performance.Profile-Analyzer.Editor", "Unity.Performance.Profile-Analyzer.Editor.csproj", "{870EF426-B693-C3FC-9257-D303DAB39006}"
EndProject
Project("{FAE04EC0-301F-11D3-BF4B-00C04F79EFBC}") = "Unity.VSCode.Editor", "Unity.VSCode.Editor.csproj", "{21425871-D2C3-ED5D-2636-AD0FC4E8DBF3}"
EndProject
Project("{FAE04EC0-301F-11D3-BF4B-00C04F79EFBC}") = "Unity.ProBuilder.AssetIdRemapUtility", "Unity.ProBuilder.AssetIdRemapUtility.csproj", "{99768667-8646-25BC-671E-6EFCE58E1338}"
EndProject
Project("{FAE04EC0-301F-11D3-BF4B-00C04F79EFBC}") = "UnityEditor.UI", "UnityEditor.UI.csproj", "{A467B2BB-7DF7-BCBF-EBAD-AD894113865B}"
EndProject
Project("{FAE04EC0-301F-11D3-BF4B-00C04F79EFBC}") = "Unity.TestTools.CodeCoverage.Editor.OpenCover.Model", "Unity.TestTools.CodeCoverage.Editor.OpenCover.Model.csproj", "{D6226AD9-AFED-3E2B-8FB6-D28D02341700}"
EndProject
Project("{FAE04EC0-301F-11D3-BF4B-00C04F79EFBC}") = "Unity.EditorCoroutines.Editor", "Unity.EditorCoroutines.Editor.csproj", "{508438A7-15B0-FFE5-806A-A5431094A705}"
EndProject
Project("{FAE04EC0-301F-11D3-BF4B-00C04F79EFBC}") = "Unity.Settings.Editor", "Unity.Settings.Editor.csproj", "{487B5256-A176-AB3C-9B7E-7730CCC2FA1C}"
EndProject
Project("{FAE04EC0-301F-11D3-BF4B-00C04F79EFBC}") = "Unity.Services.Core.Configuration.Editor", "Unity.Services.Core.Configuration.Editor.csproj", "{A301083E-3495-5EA0-1683-7BDE6B0F53C6}"
EndProject
Project("{FAE04EC0-301F-11D3-BF4B-00C04F79EFBC}") = "Unity.TestTools.CodeCoverage.Editor.OpenCover.Mono.Reflection", "Unity.TestTools.CodeCoverage.Editor.OpenCover.Mono.Reflection.csproj", "{93DA8FE2-F936-BF0F-C612-7E8B56387637}"
EndProject
Project("{FAE04EC0-301F-11D3-BF4B-00C04F79EFBC}") = "Unity.VisualScripting.Shared.Editor", "Unity.VisualScripting.Shared.Editor.csproj", "{F1002A34-CA01-D8A8-1F81-CF990A10203A}"
EndProject
Project("{FAE04EC0-301F-11D3-BF4B-00C04F79EFBC}") = "Unity.ProBuilder.AddOns.Editor", "Unity.ProBuilder.AddOns.Editor.csproj", "{644672D4-09B1-D190-5B56-3F48122D68C6}"
EndProject
Project("{FAE04EC0-301F-11D3-BF4B-00C04F79EFBC}") = "UnityEngine.UI", "UnityEngine.UI.Player.csproj", "{454E7E26-073C-9A16-578E-36C259AF97B9}"
EndProject
Project("{FAE04EC0-301F-11D3-BF4B-00C04F79EFBC}") = "UnityEngine.TestRunner", "UnityEngine.TestRunner.Player.csproj", "{0FF2DFF6-8128-F233-A2FD-3316056783A5}"
EndProject
Project("{FAE04EC0-301F-11D3-BF4B-00C04F79EFBC}") = "Unity.VisualScripting.Flow", "Unity.VisualScripting.Flow.Player.csproj", "{62BB0F73-70DA-8403-C338-89305B837EC7}"
EndProject
Project("{FAE04EC0-301F-11D3-BF4B-00C04F79EFBC}") = "Unity.Services.Core.Telemetry", "Unity.Services.Core.Telemetry.Player.csproj", "{A050FC0A-C729-8351-31E8-C38009DFC107}"
EndProject
Project("{FAE04EC0-301F-11D3-BF4B-00C04F79EFBC}") = "Unity.VisualScripting.State", "Unity.VisualScripting.State.Player.csproj", "{1A51AADE-77E5-04F8-AF3C-AF92FF8037C9}"
EndProject
Project("{FAE04EC0-301F-11D3-BF4B-00C04F79EFBC}") = "Unity.VisualScripting.Core", "Unity.VisualScripting.Core.Player.csproj", "{4A5339F6-0C06-36DD-F6A9-CA7106B46FE2}"
EndProject
Project("{FAE04EC0-301F-11D3-BF4B-00C04F79EFBC}") = "Unity.Postprocessing.Runtime", "Unity.Postprocessing.Runtime.Player.csproj", "{EB7327F4-FDC7-99B0-875A-F858EAFAF439}"
EndProject
Project("{FAE04EC0-301F-11D3-BF4B-00C04F79EFBC}") = "Unity.Services.Core.Environments.Internal", "Unity.Services.Core.Environments.Internal.Player.csproj", "{A50C9E08-BD36-1E3C-DB48-09CE984B09E2}"
EndProject
Project("{FAE04EC0-301F-11D3-BF4B-00C04F79EFBC}") = "Unity.TextMeshPro", "Unity.TextMeshPro.Player.csproj", "{56344C25-31DA-8653-F90B-4E6988C3926E}"
EndProject
Project("{FAE04EC0-301F-11D3-BF4B-00C04F79EFBC}") = "Unity.ProBuilder.Poly2Tri", "Unity.ProBuilder.Poly2Tri.Player.csproj", "{24ABA441-65AC-A56A-EAC9-E7E40076B78B}"
EndProject
Project("{FAE04EC0-301F-11D3-BF4B-00C04F79EFBC}") = "Assembly-CSharp", "Assembly-CSharp.Player.csproj", "{2E9EF706-D394-403D-61CF-5859ADF38386}"
EndProject
Project("{FAE04EC0-301F-11D3-BF4B-00C04F79EFBC}") = "Unity.Timeline", "Unity.Timeline.Player.csproj", "{4AE55E12-FC93-889E-4462-C507FCBBFEE3}"
EndProject
Project("{FAE04EC0-301F-11D3-BF4B-00C04F79EFBC}") = "Unity.Services.Core", "Unity.Services.Core.Player.csproj", "{23F64F44-F589-6A92-A4B2-698B47663EFA}"
EndProject
Project("{FAE04EC0-301F-11D3-BF4B-00C04F79EFBC}") = "Unity.ProBuilder", "Unity.ProBuilder.Player.csproj", "{33B15914-D91A-EB64-996A-8FB19DF11B86}"
EndProject
Project("{FAE04EC0-301F-11D3-BF4B-00C04F79EFBC}") = "Unity.Services.Core.Environments", "Unity.Services.Core.Environments.Player.csproj", "{5FC250DA-1D83-6C71-52E6-1847AEF46386}"
EndProject
Project("{FAE04EC0-301F-11D3-BF4B-00C04F79EFBC}") = "Unity.Services.Core.Internal", "Unity.Services.Core.Internal.Player.csproj", "{A37EA7EC-B34B-89CD-3B69-2DA6BFA1ED6F}"
EndProject
Project("{FAE04EC0-301F-11D3-BF4B-00C04F79EFBC}") = "Unity.Services.Core.Analytics", "Unity.Services.Core.Analytics.Player.csproj", "{F91C9BDC-B5FB-BE4B-2CE8-B18714A1B55B}"
EndProject
Project("{FAE04EC0-301F-11D3-BF4B-00C04F79EFBC}") = "Unity.ProBuilder.Csg", "Unity.ProBuilder.Csg.Player.csproj", "{F6A8C4B4-1A5C-AAB0-FADD-DF53822E1A5E}"
EndProject
Project("{FAE04EC0-301F-11D3-BF4B-00C04F79EFBC}") = "Unity.Services.Core.Scheduler", "Unity.Services.Core.Scheduler.Player.csproj", "{7CB04B34-3F75-1A9E-4075-297A9E5E45BE}"
EndProject
Project("{FAE04EC0-301F-11D3-BF4B-00C04F79EFBC}") = "Unity.Services.Core.Registration", "Unity.Services.Core.Registration.Player.csproj", "{88C8A47E-629F-9CE6-DAD7-A4A5B0D0509A}"
EndProject
Project("{FAE04EC0-301F-11D3-BF4B-00C04F79EFBC}") = "Unity.Services.Core.Device", "Unity.Services.Core.Device.Player.csproj", "{669A3006-F09B-AF9A-CFDB-2EE2DAF90CAF}"
EndProject
Project("{FAE04EC0-301F-11D3-BF4B-00C04F79EFBC}") = "Unity.Services.Core.Threading", "Unity.Services.Core.Threading.Player.csproj", "{70962EB9-5843-84E7-F705-0DEF993F242A}"
EndProject
Project("{FAE04EC0-301F-11D3-BF4B-00C04F79EFBC}") = "Unity.Services.Core.Networking", "Unity.Services.Core.Networking.Player.csproj", "{5A26C18F-D738-1765-BC75-BCE0E055B50F}"
EndProject
Project("{FAE04EC0-301F-11D3-BF4B-00C04F79EFBC}") = "Unity.ProBuilder.KdTree", "Unity.ProBuilder.KdTree.Player.csproj", "{A15BE568-1698-2694-C4EB-C1AA6AB97E77}"
EndProject
Project("{FAE04EC0-301F-11D3-BF4B-00C04F79EFBC}") = "Unity.Services.Core.Configuration", "Unity.Services.Core.Configuration.Player.csproj", "{76CD3FB3-812E-D487-54A3-04C88ECC79B4}"
EndProject
Project("{FAE04EC0-301F-11D3-BF4B-00C04F79EFBC}") = "Unity.ProBuilder.Stl", "Unity.ProBuilder.Stl.Player.csproj", "{AD3EC825-B051-3F58-85DE-82440EB6C7E9}"
EndProject
Global
	GlobalSection(SolutionConfigurationPlatforms) = preSolution
		Debug|Any CPU = Debug|Any CPU
		Release|Any CPU = Release|Any CPU
	EndGlobalSection
	GlobalSection(ProjectConfigurationPlatforms) = postSolution
		{E97160F8-999E-ADAD-5928-18A2A0B06A20}.Debug|Any CPU.ActiveCfg = Debug|Any CPU
		{E97160F8-999E-ADAD-5928-18A2A0B06A20}.Debug|Any CPU.Build.0 = Debug|Any CPU
		{E97160F8-999E-ADAD-5928-18A2A0B06A20}.Release|Any CPU.ActiveCfg = Release|Any CPU
		{E97160F8-999E-ADAD-5928-18A2A0B06A20}.Release|Any CPU.Build.0 = Release|Any CPU
		{8FE60F8C-C49B-FD85-3560-BDBF7152D70B}.Debug|Any CPU.ActiveCfg = Debug|Any CPU
		{8FE60F8C-C49B-FD85-3560-BDBF7152D70B}.Debug|Any CPU.Build.0 = Debug|Any CPU
		{8FE60F8C-C49B-FD85-3560-BDBF7152D70B}.Release|Any CPU.ActiveCfg = Release|Any CPU
		{8FE60F8C-C49B-FD85-3560-BDBF7152D70B}.Release|Any CPU.Build.0 = Release|Any CPU
		{94A8D67E-51A3-0C37-0E33-37BBD5682FE4}.Debug|Any CPU.ActiveCfg = Debug|Any CPU
		{94A8D67E-51A3-0C37-0E33-37BBD5682FE4}.Debug|Any CPU.Build.0 = Debug|Any CPU
		{94A8D67E-51A3-0C37-0E33-37BBD5682FE4}.Release|Any CPU.ActiveCfg = Release|Any CPU
		{94A8D67E-51A3-0C37-0E33-37BBD5682FE4}.Release|Any CPU.Build.0 = Release|Any CPU
		{9500F2CA-6DF5-D0EF-6A16-A816026068A5}.Debug|Any CPU.ActiveCfg = Debug|Any CPU
		{9500F2CA-6DF5-D0EF-6A16-A816026068A5}.Debug|Any CPU.Build.0 = Debug|Any CPU
		{9500F2CA-6DF5-D0EF-6A16-A816026068A5}.Release|Any CPU.ActiveCfg = Release|Any CPU
		{9500F2CA-6DF5-D0EF-6A16-A816026068A5}.Release|Any CPU.Build.0 = Release|Any CPU
		{E455F5E2-31EC-08EA-AB2F-E39899DDED23}.Debug|Any CPU.ActiveCfg = Debug|Any CPU
		{E455F5E2-31EC-08EA-AB2F-E39899DDED23}.Debug|Any CPU.Build.0 = Debug|Any CPU
		{E455F5E2-31EC-08EA-AB2F-E39899DDED23}.Release|Any CPU.ActiveCfg = Release|Any CPU
		{E455F5E2-31EC-08EA-AB2F-E39899DDED23}.Release|Any CPU.Build.0 = Release|Any CPU
		{A2A060FF-BFA8-0EAD-9496-3F921E8C444F}.Debug|Any CPU.ActiveCfg = Debug|Any CPU
		{A2A060FF-BFA8-0EAD-9496-3F921E8C444F}.Debug|Any CPU.Build.0 = Debug|Any CPU
		{A2A060FF-BFA8-0EAD-9496-3F921E8C444F}.Release|Any CPU.ActiveCfg = Release|Any CPU
		{A2A060FF-BFA8-0EAD-9496-3F921E8C444F}.Release|Any CPU.Build.0 = Release|Any CPU
		{39B1B5A4-1C4D-9EFD-9A4F-AF0A5C4BED1A}.Debug|Any CPU.ActiveCfg = Debug|Any CPU
		{39B1B5A4-1C4D-9EFD-9A4F-AF0A5C4BED1A}.Debug|Any CPU.Build.0 = Debug|Any CPU
		{39B1B5A4-1C4D-9EFD-9A4F-AF0A5C4BED1A}.Release|Any CPU.ActiveCfg = Release|Any CPU
		{39B1B5A4-1C4D-9EFD-9A4F-AF0A5C4BED1A}.Release|Any CPU.Build.0 = Release|Any CPU
		{CB29587B-AE73-F308-07E2-CEF5C038CC0F}.Debug|Any CPU.ActiveCfg = Debug|Any CPU
		{CB29587B-AE73-F308-07E2-CEF5C038CC0F}.Debug|Any CPU.Build.0 = Debug|Any CPU
		{CB29587B-AE73-F308-07E2-CEF5C038CC0F}.Release|Any CPU.ActiveCfg = Release|Any CPU
		{CB29587B-AE73-F308-07E2-CEF5C038CC0F}.Release|Any CPU.Build.0 = Release|Any CPU
		{BDDE67A0-00FD-6C50-B7EB-0F22632769A1}.Debug|Any CPU.ActiveCfg = Debug|Any CPU
		{BDDE67A0-00FD-6C50-B7EB-0F22632769A1}.Debug|Any CPU.Build.0 = Debug|Any CPU
		{BDDE67A0-00FD-6C50-B7EB-0F22632769A1}.Release|Any CPU.ActiveCfg = Release|Any CPU
		{BDDE67A0-00FD-6C50-B7EB-0F22632769A1}.Release|Any CPU.Build.0 = Release|Any CPU
		{A6431EF5-4D32-3A8F-90E5-13FAEBA35A76}.Debug|Any CPU.ActiveCfg = Debug|Any CPU
		{A6431EF5-4D32-3A8F-90E5-13FAEBA35A76}.Debug|Any CPU.Build.0 = Debug|Any CPU
		{A6431EF5-4D32-3A8F-90E5-13FAEBA35A76}.Release|Any CPU.ActiveCfg = Release|Any CPU
		{A6431EF5-4D32-3A8F-90E5-13FAEBA35A76}.Release|Any CPU.Build.0 = Release|Any CPU
		{6B0A4598-7F9B-D2EF-A7AB-DB8874F6FAFA}.Debug|Any CPU.ActiveCfg = Debug|Any CPU
		{6B0A4598-7F9B-D2EF-A7AB-DB8874F6FAFA}.Debug|Any CPU.Build.0 = Debug|Any CPU
		{6B0A4598-7F9B-D2EF-A7AB-DB8874F6FAFA}.Release|Any CPU.ActiveCfg = Release|Any CPU
		{6B0A4598-7F9B-D2EF-A7AB-DB8874F6FAFA}.Release|Any CPU.Build.0 = Release|Any CPU
		{AD3C446B-8EA7-D1D1-D4AF-CE1232B4C67B}.Debug|Any CPU.ActiveCfg = Debug|Any CPU
		{AD3C446B-8EA7-D1D1-D4AF-CE1232B4C67B}.Debug|Any CPU.Build.0 = Debug|Any CPU
		{AD3C446B-8EA7-D1D1-D4AF-CE1232B4C67B}.Release|Any CPU.ActiveCfg = Release|Any CPU
		{AD3C446B-8EA7-D1D1-D4AF-CE1232B4C67B}.Release|Any CPU.Build.0 = Release|Any CPU
		{2BDE0D7C-1D5C-C0BB-992B-B16A7B9A6D44}.Debug|Any CPU.ActiveCfg = Debug|Any CPU
		{2BDE0D7C-1D5C-C0BB-992B-B16A7B9A6D44}.Debug|Any CPU.Build.0 = Debug|Any CPU
		{2BDE0D7C-1D5C-C0BB-992B-B16A7B9A6D44}.Release|Any CPU.ActiveCfg = Release|Any CPU
		{2BDE0D7C-1D5C-C0BB-992B-B16A7B9A6D44}.Release|Any CPU.Build.0 = Release|Any CPU
		{3FD723AD-A9C0-D44D-D768-56E3ABCF660D}.Debug|Any CPU.ActiveCfg = Debug|Any CPU
		{3FD723AD-A9C0-D44D-D768-56E3ABCF660D}.Debug|Any CPU.Build.0 = Debug|Any CPU
		{3FD723AD-A9C0-D44D-D768-56E3ABCF660D}.Release|Any CPU.ActiveCfg = Release|Any CPU
		{3FD723AD-A9C0-D44D-D768-56E3ABCF660D}.Release|Any CPU.Build.0 = Release|Any CPU
		{F438203D-677F-C178-A513-4C315BD5836E}.Debug|Any CPU.ActiveCfg = Debug|Any CPU
		{F438203D-677F-C178-A513-4C315BD5836E}.Debug|Any CPU.Build.0 = Debug|Any CPU
		{F438203D-677F-C178-A513-4C315BD5836E}.Release|Any CPU.ActiveCfg = Release|Any CPU
		{F438203D-677F-C178-A513-4C315BD5836E}.Release|Any CPU.Build.0 = Release|Any CPU
		{488A3DEF-44E8-78EB-9E38-FE872E7B8512}.Debug|Any CPU.ActiveCfg = Debug|Any CPU
		{488A3DEF-44E8-78EB-9E38-FE872E7B8512}.Debug|Any CPU.Build.0 = Debug|Any CPU
		{488A3DEF-44E8-78EB-9E38-FE872E7B8512}.Release|Any CPU.ActiveCfg = Release|Any CPU
		{488A3DEF-44E8-78EB-9E38-FE872E7B8512}.Release|Any CPU.Build.0 = Release|Any CPU
		{D2F41CF5-7D15-C19A-EF29-D27EB4595F2B}.Debug|Any CPU.ActiveCfg = Debug|Any CPU
		{D2F41CF5-7D15-C19A-EF29-D27EB4595F2B}.Debug|Any CPU.Build.0 = Debug|Any CPU
		{D2F41CF5-7D15-C19A-EF29-D27EB4595F2B}.Release|Any CPU.ActiveCfg = Release|Any CPU
		{D2F41CF5-7D15-C19A-EF29-D27EB4595F2B}.Release|Any CPU.Build.0 = Release|Any CPU
		{DF6538EC-DD4F-12C8-283B-C996194D10BF}.Debug|Any CPU.ActiveCfg = Debug|Any CPU
		{DF6538EC-DD4F-12C8-283B-C996194D10BF}.Debug|Any CPU.Build.0 = Debug|Any CPU
		{DF6538EC-DD4F-12C8-283B-C996194D10BF}.Release|Any CPU.ActiveCfg = Release|Any CPU
		{DF6538EC-DD4F-12C8-283B-C996194D10BF}.Release|Any CPU.Build.0 = Release|Any CPU
		{FF23B018-0B65-E2F8-55D1-56A21F7DC753}.Debug|Any CPU.ActiveCfg = Debug|Any CPU
		{FF23B018-0B65-E2F8-55D1-56A21F7DC753}.Debug|Any CPU.Build.0 = Debug|Any CPU
		{FF23B018-0B65-E2F8-55D1-56A21F7DC753}.Release|Any CPU.ActiveCfg = Release|Any CPU
		{FF23B018-0B65-E2F8-55D1-56A21F7DC753}.Release|Any CPU.Build.0 = Release|Any CPU
		{00EFCFB4-3BC1-80EB-5836-49091491DFD4}.Debug|Any CPU.ActiveCfg = Debug|Any CPU
		{00EFCFB4-3BC1-80EB-5836-49091491DFD4}.Debug|Any CPU.Build.0 = Debug|Any CPU
		{00EFCFB4-3BC1-80EB-5836-49091491DFD4}.Release|Any CPU.ActiveCfg = Release|Any CPU
		{00EFCFB4-3BC1-80EB-5836-49091491DFD4}.Release|Any CPU.Build.0 = Release|Any CPU
		{9E636B7D-DDF5-ECC8-C2AE-9BE81CDB34FD}.Debug|Any CPU.ActiveCfg = Debug|Any CPU
		{9E636B7D-DDF5-ECC8-C2AE-9BE81CDB34FD}.Debug|Any CPU.Build.0 = Debug|Any CPU
		{9E636B7D-DDF5-ECC8-C2AE-9BE81CDB34FD}.Release|Any CPU.ActiveCfg = Release|Any CPU
		{9E636B7D-DDF5-ECC8-C2AE-9BE81CDB34FD}.Release|Any CPU.Build.0 = Release|Any CPU
		{73EC1FCC-0223-9FC4-EE54-4BF84BE81818}.Debug|Any CPU.ActiveCfg = Debug|Any CPU
		{73EC1FCC-0223-9FC4-EE54-4BF84BE81818}.Debug|Any CPU.Build.0 = Debug|Any CPU
		{73EC1FCC-0223-9FC4-EE54-4BF84BE81818}.Release|Any CPU.ActiveCfg = Release|Any CPU
		{73EC1FCC-0223-9FC4-EE54-4BF84BE81818}.Release|Any CPU.Build.0 = Release|Any CPU
		{E2585ABD-B8DB-D14D-ACE5-EDCFE8CDC57F}.Debug|Any CPU.ActiveCfg = Debug|Any CPU
		{E2585ABD-B8DB-D14D-ACE5-EDCFE8CDC57F}.Debug|Any CPU.Build.0 = Debug|Any CPU
		{E2585ABD-B8DB-D14D-ACE5-EDCFE8CDC57F}.Release|Any CPU.ActiveCfg = Release|Any CPU
		{E2585ABD-B8DB-D14D-ACE5-EDCFE8CDC57F}.Release|Any CPU.Build.0 = Release|Any CPU
		{D2216584-DB58-5ED4-4F11-F90AC6723842}.Debug|Any CPU.ActiveCfg = Debug|Any CPU
		{D2216584-DB58-5ED4-4F11-F90AC6723842}.Debug|Any CPU.Build.0 = Debug|Any CPU
		{D2216584-DB58-5ED4-4F11-F90AC6723842}.Release|Any CPU.ActiveCfg = Release|Any CPU
		{D2216584-DB58-5ED4-4F11-F90AC6723842}.Release|Any CPU.Build.0 = Release|Any CPU
		{91AC356D-88B9-1263-42EA-9ABD8CE7E55F}.Debug|Any CPU.ActiveCfg = Debug|Any CPU
		{91AC356D-88B9-1263-42EA-9ABD8CE7E55F}.Debug|Any CPU.Build.0 = Debug|Any CPU
		{91AC356D-88B9-1263-42EA-9ABD8CE7E55F}.Release|Any CPU.ActiveCfg = Release|Any CPU
		{91AC356D-88B9-1263-42EA-9ABD8CE7E55F}.Release|Any CPU.Build.0 = Release|Any CPU
		{88936D23-4084-524E-91F0-EC1E21FB0A2A}.Debug|Any CPU.ActiveCfg = Debug|Any CPU
		{88936D23-4084-524E-91F0-EC1E21FB0A2A}.Debug|Any CPU.Build.0 = Debug|Any CPU
		{88936D23-4084-524E-91F0-EC1E21FB0A2A}.Release|Any CPU.ActiveCfg = Release|Any CPU
		{88936D23-4084-524E-91F0-EC1E21FB0A2A}.Release|Any CPU.Build.0 = Release|Any CPU
		{3211828A-99FA-62C8-4C01-3AD7B34D8EBB}.Debug|Any CPU.ActiveCfg = Debug|Any CPU
		{3211828A-99FA-62C8-4C01-3AD7B34D8EBB}.Debug|Any CPU.Build.0 = Debug|Any CPU
		{3211828A-99FA-62C8-4C01-3AD7B34D8EBB}.Release|Any CPU.ActiveCfg = Release|Any CPU
		{3211828A-99FA-62C8-4C01-3AD7B34D8EBB}.Release|Any CPU.Build.0 = Release|Any CPU
		{1E0B2517-0251-72BE-7E75-191653E91F03}.Debug|Any CPU.ActiveCfg = Debug|Any CPU
		{1E0B2517-0251-72BE-7E75-191653E91F03}.Debug|Any CPU.Build.0 = Debug|Any CPU
		{1E0B2517-0251-72BE-7E75-191653E91F03}.Release|Any CPU.ActiveCfg = Release|Any CPU
		{1E0B2517-0251-72BE-7E75-191653E91F03}.Release|Any CPU.Build.0 = Release|Any CPU
		{F7B36881-89E6-BAD2-62AB-D710EA5EDD77}.Debug|Any CPU.ActiveCfg = Debug|Any CPU
		{F7B36881-89E6-BAD2-62AB-D710EA5EDD77}.Debug|Any CPU.Build.0 = Debug|Any CPU
		{F7B36881-89E6-BAD2-62AB-D710EA5EDD77}.Release|Any CPU.ActiveCfg = Release|Any CPU
		{F7B36881-89E6-BAD2-62AB-D710EA5EDD77}.Release|Any CPU.Build.0 = Release|Any CPU
		{08FACCE9-E2B2-C42E-8777-8B9811945513}.Debug|Any CPU.ActiveCfg = Debug|Any CPU
		{08FACCE9-E2B2-C42E-8777-8B9811945513}.Debug|Any CPU.Build.0 = Debug|Any CPU
		{08FACCE9-E2B2-C42E-8777-8B9811945513}.Release|Any CPU.ActiveCfg = Release|Any CPU
		{08FACCE9-E2B2-C42E-8777-8B9811945513}.Release|Any CPU.Build.0 = Release|Any CPU
		{81733CBE-F005-9B74-9528-A8FB9FA3EF7D}.Debug|Any CPU.ActiveCfg = Debug|Any CPU
		{81733CBE-F005-9B74-9528-A8FB9FA3EF7D}.Debug|Any CPU.Build.0 = Debug|Any CPU
		{81733CBE-F005-9B74-9528-A8FB9FA3EF7D}.Release|Any CPU.ActiveCfg = Release|Any CPU
		{81733CBE-F005-9B74-9528-A8FB9FA3EF7D}.Release|Any CPU.Build.0 = Release|Any CPU
		{747CE51B-BEBF-6145-E7F7-5BF60058733C}.Debug|Any CPU.ActiveCfg = Debug|Any CPU
		{747CE51B-BEBF-6145-E7F7-5BF60058733C}.Debug|Any CPU.Build.0 = Debug|Any CPU
		{747CE51B-BEBF-6145-E7F7-5BF60058733C}.Release|Any CPU.ActiveCfg = Release|Any CPU
		{747CE51B-BEBF-6145-E7F7-5BF60058733C}.Release|Any CPU.Build.0 = Release|Any CPU
		{38447623-1A85-6D70-D445-0E49DAE6A708}.Debug|Any CPU.ActiveCfg = Debug|Any CPU
		{38447623-1A85-6D70-D445-0E49DAE6A708}.Debug|Any CPU.Build.0 = Debug|Any CPU
		{38447623-1A85-6D70-D445-0E49DAE6A708}.Release|Any CPU.ActiveCfg = Release|Any CPU
		{38447623-1A85-6D70-D445-0E49DAE6A708}.Release|Any CPU.Build.0 = Release|Any CPU
		{6AC04147-B2AF-2D1A-CB21-E28F575DB1A0}.Debug|Any CPU.ActiveCfg = Debug|Any CPU
		{6AC04147-B2AF-2D1A-CB21-E28F575DB1A0}.Debug|Any CPU.Build.0 = Debug|Any CPU
		{6AC04147-B2AF-2D1A-CB21-E28F575DB1A0}.Release|Any CPU.ActiveCfg = Release|Any CPU
		{6AC04147-B2AF-2D1A-CB21-E28F575DB1A0}.Release|Any CPU.Build.0 = Release|Any CPU
		{740524E3-AEE4-B175-A3F0-FD33F91891DC}.Debug|Any CPU.ActiveCfg = Debug|Any CPU
		{740524E3-AEE4-B175-A3F0-FD33F91891DC}.Debug|Any CPU.Build.0 = Debug|Any CPU
		{740524E3-AEE4-B175-A3F0-FD33F91891DC}.Release|Any CPU.ActiveCfg = Release|Any CPU
		{740524E3-AEE4-B175-A3F0-FD33F91891DC}.Release|Any CPU.Build.0 = Release|Any CPU
		{65517EB1-12FC-23D2-628D-1150553667CE}.Debug|Any CPU.ActiveCfg = Debug|Any CPU
		{65517EB1-12FC-23D2-628D-1150553667CE}.Debug|Any CPU.Build.0 = Debug|Any CPU
		{65517EB1-12FC-23D2-628D-1150553667CE}.Release|Any CPU.ActiveCfg = Release|Any CPU
		{65517EB1-12FC-23D2-628D-1150553667CE}.Release|Any CPU.Build.0 = Release|Any CPU
		{6FB1A0C7-F7AE-7B6A-CDDF-0109CD398CF6}.Debug|Any CPU.ActiveCfg = Debug|Any CPU
		{6FB1A0C7-F7AE-7B6A-CDDF-0109CD398CF6}.Debug|Any CPU.Build.0 = Debug|Any CPU
		{6FB1A0C7-F7AE-7B6A-CDDF-0109CD398CF6}.Release|Any CPU.ActiveCfg = Release|Any CPU
		{6FB1A0C7-F7AE-7B6A-CDDF-0109CD398CF6}.Release|Any CPU.Build.0 = Release|Any CPU
		{9BB9A46C-B69D-1819-3F5C-242F8F7F91BC}.Debug|Any CPU.ActiveCfg = Debug|Any CPU
		{9BB9A46C-B69D-1819-3F5C-242F8F7F91BC}.Debug|Any CPU.Build.0 = Debug|Any CPU
		{9BB9A46C-B69D-1819-3F5C-242F8F7F91BC}.Release|Any CPU.ActiveCfg = Release|Any CPU
		{9BB9A46C-B69D-1819-3F5C-242F8F7F91BC}.Release|Any CPU.Build.0 = Release|Any CPU
		{241273B8-E1DF-EE20-3074-9D5EFDFD13B6}.Debug|Any CPU.ActiveCfg = Debug|Any CPU
		{241273B8-E1DF-EE20-3074-9D5EFDFD13B6}.Debug|Any CPU.Build.0 = Debug|Any CPU
		{241273B8-E1DF-EE20-3074-9D5EFDFD13B6}.Release|Any CPU.ActiveCfg = Release|Any CPU
		{241273B8-E1DF-EE20-3074-9D5EFDFD13B6}.Release|Any CPU.Build.0 = Release|Any CPU
		{490819F5-D0AE-DA75-0F89-6B471519FCD3}.Debug|Any CPU.ActiveCfg = Debug|Any CPU
		{490819F5-D0AE-DA75-0F89-6B471519FCD3}.Debug|Any CPU.Build.0 = Debug|Any CPU
		{490819F5-D0AE-DA75-0F89-6B471519FCD3}.Release|Any CPU.ActiveCfg = Release|Any CPU
		{490819F5-D0AE-DA75-0F89-6B471519FCD3}.Release|Any CPU.Build.0 = Release|Any CPU
		{7A63D06D-47ED-FC1E-BA47-6021468BABD4}.Debug|Any CPU.ActiveCfg = Debug|Any CPU
		{7A63D06D-47ED-FC1E-BA47-6021468BABD4}.Debug|Any CPU.Build.0 = Debug|Any CPU
		{7A63D06D-47ED-FC1E-BA47-6021468BABD4}.Release|Any CPU.ActiveCfg = Release|Any CPU
		{7A63D06D-47ED-FC1E-BA47-6021468BABD4}.Release|Any CPU.Build.0 = Release|Any CPU
		{870EF426-B693-C3FC-9257-D303DAB39006}.Debug|Any CPU.ActiveCfg = Debug|Any CPU
		{870EF426-B693-C3FC-9257-D303DAB39006}.Debug|Any CPU.Build.0 = Debug|Any CPU
		{870EF426-B693-C3FC-9257-D303DAB39006}.Release|Any CPU.ActiveCfg = Release|Any CPU
		{870EF426-B693-C3FC-9257-D303DAB39006}.Release|Any CPU.Build.0 = Release|Any CPU
		{21425871-D2C3-ED5D-2636-AD0FC4E8DBF3}.Debug|Any CPU.ActiveCfg = Debug|Any CPU
		{21425871-D2C3-ED5D-2636-AD0FC4E8DBF3}.Debug|Any CPU.Build.0 = Debug|Any CPU
		{21425871-D2C3-ED5D-2636-AD0FC4E8DBF3}.Release|Any CPU.ActiveCfg = Release|Any CPU
		{21425871-D2C3-ED5D-2636-AD0FC4E8DBF3}.Release|Any CPU.Build.0 = Release|Any CPU
		{99768667-8646-25BC-671E-6EFCE58E1338}.Debug|Any CPU.ActiveCfg = Debug|Any CPU
		{99768667-8646-25BC-671E-6EFCE58E1338}.Debug|Any CPU.Build.0 = Debug|Any CPU
		{99768667-8646-25BC-671E-6EFCE58E1338}.Release|Any CPU.ActiveCfg = Release|Any CPU
		{99768667-8646-25BC-671E-6EFCE58E1338}.Release|Any CPU.Build.0 = Release|Any CPU
		{A467B2BB-7DF7-BCBF-EBAD-AD894113865B}.Debug|Any CPU.ActiveCfg = Debug|Any CPU
		{A467B2BB-7DF7-BCBF-EBAD-AD894113865B}.Debug|Any CPU.Build.0 = Debug|Any CPU
		{A467B2BB-7DF7-BCBF-EBAD-AD894113865B}.Release|Any CPU.ActiveCfg = Release|Any CPU
		{A467B2BB-7DF7-BCBF-EBAD-AD894113865B}.Release|Any CPU.Build.0 = Release|Any CPU
		{D6226AD9-AFED-3E2B-8FB6-D28D02341700}.Debug|Any CPU.ActiveCfg = Debug|Any CPU
		{D6226AD9-AFED-3E2B-8FB6-D28D02341700}.Debug|Any CPU.Build.0 = Debug|Any CPU
		{D6226AD9-AFED-3E2B-8FB6-D28D02341700}.Release|Any CPU.ActiveCfg = Release|Any CPU
		{D6226AD9-AFED-3E2B-8FB6-D28D02341700}.Release|Any CPU.Build.0 = Release|Any CPU
		{508438A7-15B0-FFE5-806A-A5431094A705}.Debug|Any CPU.ActiveCfg = Debug|Any CPU
		{508438A7-15B0-FFE5-806A-A5431094A705}.Debug|Any CPU.Build.0 = Debug|Any CPU
		{508438A7-15B0-FFE5-806A-A5431094A705}.Release|Any CPU.ActiveCfg = Release|Any CPU
		{508438A7-15B0-FFE5-806A-A5431094A705}.Release|Any CPU.Build.0 = Release|Any CPU
		{487B5256-A176-AB3C-9B7E-7730CCC2FA1C}.Debug|Any CPU.ActiveCfg = Debug|Any CPU
		{487B5256-A176-AB3C-9B7E-7730CCC2FA1C}.Debug|Any CPU.Build.0 = Debug|Any CPU
		{487B5256-A176-AB3C-9B7E-7730CCC2FA1C}.Release|Any CPU.ActiveCfg = Release|Any CPU
		{487B5256-A176-AB3C-9B7E-7730CCC2FA1C}.Release|Any CPU.Build.0 = Release|Any CPU
		{A301083E-3495-5EA0-1683-7BDE6B0F53C6}.Debug|Any CPU.ActiveCfg = Debug|Any CPU
		{A301083E-3495-5EA0-1683-7BDE6B0F53C6}.Debug|Any CPU.Build.0 = Debug|Any CPU
		{A301083E-3495-5EA0-1683-7BDE6B0F53C6}.Release|Any CPU.ActiveCfg = Release|Any CPU
		{A301083E-3495-5EA0-1683-7BDE6B0F53C6}.Release|Any CPU.Build.0 = Release|Any CPU
		{93DA8FE2-F936-BF0F-C612-7E8B56387637}.Debug|Any CPU.ActiveCfg = Debug|Any CPU
		{93DA8FE2-F936-BF0F-C612-7E8B56387637}.Debug|Any CPU.Build.0 = Debug|Any CPU
		{93DA8FE2-F936-BF0F-C612-7E8B56387637}.Release|Any CPU.ActiveCfg = Release|Any CPU
		{93DA8FE2-F936-BF0F-C612-7E8B56387637}.Release|Any CPU.Build.0 = Release|Any CPU
		{F1002A34-CA01-D8A8-1F81-CF990A10203A}.Debug|Any CPU.ActiveCfg = Debug|Any CPU
		{F1002A34-CA01-D8A8-1F81-CF990A10203A}.Debug|Any CPU.Build.0 = Debug|Any CPU
		{F1002A34-CA01-D8A8-1F81-CF990A10203A}.Release|Any CPU.ActiveCfg = Release|Any CPU
		{F1002A34-CA01-D8A8-1F81-CF990A10203A}.Release|Any CPU.Build.0 = Release|Any CPU
		{644672D4-09B1-D190-5B56-3F48122D68C6}.Debug|Any CPU.ActiveCfg = Debug|Any CPU
		{644672D4-09B1-D190-5B56-3F48122D68C6}.Debug|Any CPU.Build.0 = Debug|Any CPU
		{644672D4-09B1-D190-5B56-3F48122D68C6}.Release|Any CPU.ActiveCfg = Release|Any CPU
		{644672D4-09B1-D190-5B56-3F48122D68C6}.Release|Any CPU.Build.0 = Release|Any CPU
		{454E7E26-073C-9A16-578E-36C259AF97B9}.Debug|Any CPU.ActiveCfg = Debug|Any CPU
		{454E7E26-073C-9A16-578E-36C259AF97B9}.Debug|Any CPU.Build.0 = Debug|Any CPU
		{454E7E26-073C-9A16-578E-36C259AF97B9}.Release|Any CPU.ActiveCfg = Release|Any CPU
		{454E7E26-073C-9A16-578E-36C259AF97B9}.Release|Any CPU.Build.0 = Release|Any CPU
		{0FF2DFF6-8128-F233-A2FD-3316056783A5}.Debug|Any CPU.ActiveCfg = Debug|Any CPU
		{0FF2DFF6-8128-F233-A2FD-3316056783A5}.Debug|Any CPU.Build.0 = Debug|Any CPU
		{0FF2DFF6-8128-F233-A2FD-3316056783A5}.Release|Any CPU.ActiveCfg = Release|Any CPU
		{0FF2DFF6-8128-F233-A2FD-3316056783A5}.Release|Any CPU.Build.0 = Release|Any CPU
		{62BB0F73-70DA-8403-C338-89305B837EC7}.Debug|Any CPU.ActiveCfg = Debug|Any CPU
		{62BB0F73-70DA-8403-C338-89305B837EC7}.Debug|Any CPU.Build.0 = Debug|Any CPU
		{62BB0F73-70DA-8403-C338-89305B837EC7}.Release|Any CPU.ActiveCfg = Release|Any CPU
		{62BB0F73-70DA-8403-C338-89305B837EC7}.Release|Any CPU.Build.0 = Release|Any CPU
		{A050FC0A-C729-8351-31E8-C38009DFC107}.Debug|Any CPU.ActiveCfg = Debug|Any CPU
		{A050FC0A-C729-8351-31E8-C38009DFC107}.Debug|Any CPU.Build.0 = Debug|Any CPU
		{A050FC0A-C729-8351-31E8-C38009DFC107}.Release|Any CPU.ActiveCfg = Release|Any CPU
		{A050FC0A-C729-8351-31E8-C38009DFC107}.Release|Any CPU.Build.0 = Release|Any CPU
		{1A51AADE-77E5-04F8-AF3C-AF92FF8037C9}.Debug|Any CPU.ActiveCfg = Debug|Any CPU
		{1A51AADE-77E5-04F8-AF3C-AF92FF8037C9}.Debug|Any CPU.Build.0 = Debug|Any CPU
		{1A51AADE-77E5-04F8-AF3C-AF92FF8037C9}.Release|Any CPU.ActiveCfg = Release|Any CPU
		{1A51AADE-77E5-04F8-AF3C-AF92FF8037C9}.Release|Any CPU.Build.0 = Release|Any CPU
		{4A5339F6-0C06-36DD-F6A9-CA7106B46FE2}.Debug|Any CPU.ActiveCfg = Debug|Any CPU
		{4A5339F6-0C06-36DD-F6A9-CA7106B46FE2}.Debug|Any CPU.Build.0 = Debug|Any CPU
		{4A5339F6-0C06-36DD-F6A9-CA7106B46FE2}.Release|Any CPU.ActiveCfg = Release|Any CPU
		{4A5339F6-0C06-36DD-F6A9-CA7106B46FE2}.Release|Any CPU.Build.0 = Release|Any CPU
		{EB7327F4-FDC7-99B0-875A-F858EAFAF439}.Debug|Any CPU.ActiveCfg = Debug|Any CPU
		{EB7327F4-FDC7-99B0-875A-F858EAFAF439}.Debug|Any CPU.Build.0 = Debug|Any CPU
		{EB7327F4-FDC7-99B0-875A-F858EAFAF439}.Release|Any CPU.ActiveCfg = Release|Any CPU
		{EB7327F4-FDC7-99B0-875A-F858EAFAF439}.Release|Any CPU.Build.0 = Release|Any CPU
		{A50C9E08-BD36-1E3C-DB48-09CE984B09E2}.Debug|Any CPU.ActiveCfg = Debug|Any CPU
		{A50C9E08-BD36-1E3C-DB48-09CE984B09E2}.Debug|Any CPU.Build.0 = Debug|Any CPU
		{A50C9E08-BD36-1E3C-DB48-09CE984B09E2}.Release|Any CPU.ActiveCfg = Release|Any CPU
		{A50C9E08-BD36-1E3C-DB48-09CE984B09E2}.Release|Any CPU.Build.0 = Release|Any CPU
		{56344C25-31DA-8653-F90B-4E6988C3926E}.Debug|Any CPU.ActiveCfg = Debug|Any CPU
		{56344C25-31DA-8653-F90B-4E6988C3926E}.Debug|Any CPU.Build.0 = Debug|Any CPU
		{56344C25-31DA-8653-F90B-4E6988C3926E}.Release|Any CPU.ActiveCfg = Release|Any CPU
		{56344C25-31DA-8653-F90B-4E6988C3926E}.Release|Any CPU.Build.0 = Release|Any CPU
		{24ABA441-65AC-A56A-EAC9-E7E40076B78B}.Debug|Any CPU.ActiveCfg = Debug|Any CPU
		{24ABA441-65AC-A56A-EAC9-E7E40076B78B}.Debug|Any CPU.Build.0 = Debug|Any CPU
		{24ABA441-65AC-A56A-EAC9-E7E40076B78B}.Release|Any CPU.ActiveCfg = Release|Any CPU
		{24ABA441-65AC-A56A-EAC9-E7E40076B78B}.Release|Any CPU.Build.0 = Release|Any CPU
		{2E9EF706-D394-403D-61CF-5859ADF38386}.Debug|Any CPU.ActiveCfg = Debug|Any CPU
		{2E9EF706-D394-403D-61CF-5859ADF38386}.Debug|Any CPU.Build.0 = Debug|Any CPU
		{2E9EF706-D394-403D-61CF-5859ADF38386}.Release|Any CPU.ActiveCfg = Release|Any CPU
		{2E9EF706-D394-403D-61CF-5859ADF38386}.Release|Any CPU.Build.0 = Release|Any CPU
		{4AE55E12-FC93-889E-4462-C507FCBBFEE3}.Debug|Any CPU.ActiveCfg = Debug|Any CPU
		{4AE55E12-FC93-889E-4462-C507FCBBFEE3}.Debug|Any CPU.Build.0 = Debug|Any CPU
		{4AE55E12-FC93-889E-4462-C507FCBBFEE3}.Release|Any CPU.ActiveCfg = Release|Any CPU
		{4AE55E12-FC93-889E-4462-C507FCBBFEE3}.Release|Any CPU.Build.0 = Release|Any CPU
		{23F64F44-F589-6A92-A4B2-698B47663EFA}.Debug|Any CPU.ActiveCfg = Debug|Any CPU
		{23F64F44-F589-6A92-A4B2-698B47663EFA}.Debug|Any CPU.Build.0 = Debug|Any CPU
		{23F64F44-F589-6A92-A4B2-698B47663EFA}.Release|Any CPU.ActiveCfg = Release|Any CPU
		{23F64F44-F589-6A92-A4B2-698B47663EFA}.Release|Any CPU.Build.0 = Release|Any CPU
		{33B15914-D91A-EB64-996A-8FB19DF11B86}.Debug|Any CPU.ActiveCfg = Debug|Any CPU
		{33B15914-D91A-EB64-996A-8FB19DF11B86}.Debug|Any CPU.Build.0 = Debug|Any CPU
		{33B15914-D91A-EB64-996A-8FB19DF11B86}.Release|Any CPU.ActiveCfg = Release|Any CPU
		{33B15914-D91A-EB64-996A-8FB19DF11B86}.Release|Any CPU.Build.0 = Release|Any CPU
		{5FC250DA-1D83-6C71-52E6-1847AEF46386}.Debug|Any CPU.ActiveCfg = Debug|Any CPU
		{5FC250DA-1D83-6C71-52E6-1847AEF46386}.Debug|Any CPU.Build.0 = Debug|Any CPU
		{5FC250DA-1D83-6C71-52E6-1847AEF46386}.Release|Any CPU.ActiveCfg = Release|Any CPU
		{5FC250DA-1D83-6C71-52E6-1847AEF46386}.Release|Any CPU.Build.0 = Release|Any CPU
		{A37EA7EC-B34B-89CD-3B69-2DA6BFA1ED6F}.Debug|Any CPU.ActiveCfg = Debug|Any CPU
		{A37EA7EC-B34B-89CD-3B69-2DA6BFA1ED6F}.Debug|Any CPU.Build.0 = Debug|Any CPU
		{A37EA7EC-B34B-89CD-3B69-2DA6BFA1ED6F}.Release|Any CPU.ActiveCfg = Release|Any CPU
		{A37EA7EC-B34B-89CD-3B69-2DA6BFA1ED6F}.Release|Any CPU.Build.0 = Release|Any CPU
		{F91C9BDC-B5FB-BE4B-2CE8-B18714A1B55B}.Debug|Any CPU.ActiveCfg = Debug|Any CPU
		{F91C9BDC-B5FB-BE4B-2CE8-B18714A1B55B}.Debug|Any CPU.Build.0 = Debug|Any CPU
		{F91C9BDC-B5FB-BE4B-2CE8-B18714A1B55B}.Release|Any CPU.ActiveCfg = Release|Any CPU
		{F91C9BDC-B5FB-BE4B-2CE8-B18714A1B55B}.Release|Any CPU.Build.0 = Release|Any CPU
		{F6A8C4B4-1A5C-AAB0-FADD-DF53822E1A5E}.Debug|Any CPU.ActiveCfg = Debug|Any CPU
		{F6A8C4B4-1A5C-AAB0-FADD-DF53822E1A5E}.Debug|Any CPU.Build.0 = Debug|Any CPU
		{F6A8C4B4-1A5C-AAB0-FADD-DF53822E1A5E}.Release|Any CPU.ActiveCfg = Release|Any CPU
		{F6A8C4B4-1A5C-AAB0-FADD-DF53822E1A5E}.Release|Any CPU.Build.0 = Release|Any CPU
		{7CB04B34-3F75-1A9E-4075-297A9E5E45BE}.Debug|Any CPU.ActiveCfg = Debug|Any CPU
		{7CB04B34-3F75-1A9E-4075-297A9E5E45BE}.Debug|Any CPU.Build.0 = Debug|Any CPU
		{7CB04B34-3F75-1A9E-4075-297A9E5E45BE}.Release|Any CPU.ActiveCfg = Release|Any CPU
		{7CB04B34-3F75-1A9E-4075-297A9E5E45BE}.Release|Any CPU.Build.0 = Release|Any CPU
		{88C8A47E-629F-9CE6-DAD7-A4A5B0D0509A}.Debug|Any CPU.ActiveCfg = Debug|Any CPU
		{88C8A47E-629F-9CE6-DAD7-A4A5B0D0509A}.Debug|Any CPU.Build.0 = Debug|Any CPU
		{88C8A47E-629F-9CE6-DAD7-A4A5B0D0509A}.Release|Any CPU.ActiveCfg = Release|Any CPU
		{88C8A47E-629F-9CE6-DAD7-A4A5B0D0509A}.Release|Any CPU.Build.0 = Release|Any CPU
		{669A3006-F09B-AF9A-CFDB-2EE2DAF90CAF}.Debug|Any CPU.ActiveCfg = Debug|Any CPU
		{669A3006-F09B-AF9A-CFDB-2EE2DAF90CAF}.Debug|Any CPU.Build.0 = Debug|Any CPU
		{669A3006-F09B-AF9A-CFDB-2EE2DAF90CAF}.Release|Any CPU.ActiveCfg = Release|Any CPU
		{669A3006-F09B-AF9A-CFDB-2EE2DAF90CAF}.Release|Any CPU.Build.0 = Release|Any CPU
		{70962EB9-5843-84E7-F705-0DEF993F242A}.Debug|Any CPU.ActiveCfg = Debug|Any CPU
		{70962EB9-5843-84E7-F705-0DEF993F242A}.Debug|Any CPU.Build.0 = Debug|Any CPU
		{70962EB9-5843-84E7-F705-0DEF993F242A}.Release|Any CPU.ActiveCfg = Release|Any CPU
		{70962EB9-5843-84E7-F705-0DEF993F242A}.Release|Any CPU.Build.0 = Release|Any CPU
		{5A26C18F-D738-1765-BC75-BCE0E055B50F}.Debug|Any CPU.ActiveCfg = Debug|Any CPU
		{5A26C18F-D738-1765-BC75-BCE0E055B50F}.Debug|Any CPU.Build.0 = Debug|Any CPU
		{5A26C18F-D738-1765-BC75-BCE0E055B50F}.Release|Any CPU.ActiveCfg = Release|Any CPU
		{5A26C18F-D738-1765-BC75-BCE0E055B50F}.Release|Any CPU.Build.0 = Release|Any CPU
		{A15BE568-1698-2694-C4EB-C1AA6AB97E77}.Debug|Any CPU.ActiveCfg = Debug|Any CPU
		{A15BE568-1698-2694-C4EB-C1AA6AB97E77}.Debug|Any CPU.Build.0 = Debug|Any CPU
		{A15BE568-1698-2694-C4EB-C1AA6AB97E77}.Release|Any CPU.ActiveCfg = Release|Any CPU
		{A15BE568-1698-2694-C4EB-C1AA6AB97E77}.Release|Any CPU.Build.0 = Release|Any CPU
		{76CD3FB3-812E-D487-54A3-04C88ECC79B4}.Debug|Any CPU.ActiveCfg = Debug|Any CPU
		{76CD3FB3-812E-D487-54A3-04C88ECC79B4}.Debug|Any CPU.Build.0 = Debug|Any CPU
		{76CD3FB3-812E-D487-54A3-04C88ECC79B4}.Release|Any CPU.ActiveCfg = Release|Any CPU
		{76CD3FB3-812E-D487-54A3-04C88ECC79B4}.Release|Any CPU.Build.0 = Release|Any CPU
		{AD3EC825-B051-3F58-85DE-82440EB6C7E9}.Debug|Any CPU.ActiveCfg = Debug|Any CPU
		{AD3EC825-B051-3F58-85DE-82440EB6C7E9}.Debug|Any CPU.Build.0 = Debug|Any CPU
		{AD3EC825-B051-3F58-85DE-82440EB6C7E9}.Release|Any CPU.ActiveCfg = Release|Any CPU
		{AD3EC825-B051-3F58-85DE-82440EB6C7E9}.Release|Any CPU.Build.0 = Release|Any CPU
	EndGlobalSection
	GlobalSection(SolutionProperties) = preSolution
		HideSolutionNode = FALSE
	EndGlobalSection
EndGlobal
